Microsoft Visual Studio Solution File, Format Version 12.00
# Visual Studio Version 17
VisualStudioVersion = 17.5.2.0
MinimumVisualStudioVersion = 10.0.40219.1
Project("{FAE04EC0-301F-11D3-BF4B-00C04F79EFBC}") = "MySeleniumProject", "MySeleniumProject.csproj", "{F6D58A4C-E7D5-DAAB-6449-8356E7AD4D67}"
EndProject
Global
	GlobalSection(SolutionConfigurationPlatforms) = preSolution
		Debug|Any CPU = Debug|Any CPU
		Release|Any CPU = Release|Any CPU
	EndGlobalSection
	GlobalSection(ProjectConfigurationPlatforms) = postSolution
		{F6D58A4C-E7D5-DAAB-6449-8356E7AD4D67}.Debug|Any CPU.ActiveCfg = Debug|Any CPU
		{F6D58A4C-E7D5-DAAB-6449-8356E7AD4D67}.Debug|Any CPU.Build.0 = Debug|Any CPU
		{F6D58A4C-E7D5-DAAB-6449-8356E7AD4D67}.Release|Any CPU.ActiveCfg = Release|Any CPU
		{F6D58A4C-E7D5-DAAB-6449-8356E7AD4D67}.Release|Any CPU.Build.0 = Release|Any CPU
	EndGlobalSection
	GlobalSection(SolutionProperties) = preSolution
		HideSolutionNode = FALSE
	EndGlobalSection
	GlobalSection(ExtensibilityGlobals) = postSolution
		SolutionGuid = {B7731784-C0D8-40F5-8390-C6C3AE411DDA}
	EndGlobalSection
EndGlobal
